github.com/millken/inertia v1.0.0 h1:gD7ZCJL4zZpSe9PWE1/hoR3TorTDwoLR7HBi889Qs3M=
github.com/millken/inertia v1.0.0/go.mod h1:HAvcdw63F7gpN0furIpIzFaSiWkvCBdQF4tabVJx8BY=
github.com/millken/inertia/ssr v1.0.1 h1:4HrjBEGoPArllQSLZu6Xcy39FMXdVunOO5CmJ/CDkCo=
github.com/millken/inertia/ssr v1.0.1/go.mod h1:N19ayoBfkuURiPoBz2nbxVtR8RKWlffM7CVpdKpat0Y=
