github.com/dnsoa/go/assert v1.1.2 h1:NVtMqxq3IoS17NGKoYH9Mc/vASQa5psMo7X/i+gwzyE=
github.com/dnsoa/go/assert v1.1.2/go.mod h1:aP8iaHTcw49posUgXy9qjr/ICSJ2HNjyQXNOJzo4Zws=
github.com/tommie/v8go v0.33.0 h1:JoVT0DoBcLDo1/fSL6kRqTNIp/JrHNU5mrWOKWPOR3M=
github.com/tommie/v8go v0.33.0/go.mod h1:WX8r9Nwipf7pABuvwFpu6AFDpm3VSSvch2avhK2FMlg=
github.com/tommie/v8go/deps/android_amd64 v0.0.0-20250515043113-5dcc98077472 h1:ALzwSQMOOUw1FN/tYp+a81w5AxkiR33N5jGEmFWBqfw=
github.com/tommie/v8go/deps/android_amd64 v0.0.0-20250515043113-5dcc98077472/go.mod h1:+SU4RWSqMXAx2oR/Gzkyc1YAG6F8SCzttMv3sZkh+qY=
github.com/tommie/v8go/deps/android_amd64 v0.0.0-20250923070004-f008023e75d4 h1:Xl72THBmjp3tstC/zRm0Dpvi+hdwclA0NDdGi73o77Y=
github.com/tommie/v8go/deps/android_amd64 v0.0.0-20250923070004-f008023e75d4/go.mod h1:+SU4RWSqMXAx2oR/Gzkyc1YAG6F8SCzttMv3sZkh+qY=
github.com/tommie/v8go/deps/android_arm64 v0.0.0-20250515043113-5dcc98077472 h1:XDh1sWxxWPEQv+vxj5mbQaRqUfEycVvb8Z0r0NGSYf0=
github.com/tommie/v8go/deps/android_arm64 v0.0.0-20250515043113-5dcc98077472/go.mod h1:cR4ynUc528GmLCLOb3c1iM2d6qZ5DCVHh+eAD7sJDBQ=
github.com/tommie/v8go/deps/android_arm64 v0.0.0-20250923070004-f008023e75d4 h1:CzdUiIO8j/ZYvbWSDLGkVa9S5/E4WkqatYHl+BfMQW4=
github.com/tommie/v8go/deps/android_arm64 v0.0.0-20250923070004-f008023e75d4/go.mod h1:cR4ynUc528GmLCLOb3c1iM2d6qZ5DCVHh+eAD7sJDBQ=
github.com/tommie/v8go/deps/darwin_amd64 v0.0.0-20250515043113-5dcc98077472 h1:cPvHuTaPiOENBTLNaJ1ZyZqw151XWtENUdGFbGFPE1U=
github.com/tommie/v8go/deps/darwin_amd64 v0.0.0-20250515043113-5dcc98077472/go.mod h1:0qn9w9F7mniTrixPYggJNQQtpAkb9OKY3STy3SSEBi4=
github.com/tommie/v8go/deps/darwin_amd64 v0.0.0-20250923070004-f008023e75d4 h1:wtRqpDVm4d6oUzO3WP1oYneXl3gNNaLhhJUwooXkH5k=
github.com/tommie/v8go/deps/darwin_amd64 v0.0.0-20250923070004-f008023e75d4/go.mod h1:0qn9w9F7mniTrixPYggJNQQtpAkb9OKY3STy3SSEBi4=
github.com/tommie/v8go/deps/darwin_arm64 v0.0.0-20250515043113-5dcc98077472 h1:oQcEJclfhEbB7P2u9lephEyIPjud3TEmqDppy9mwm1E=
github.com/tommie/v8go/deps/darwin_arm64 v0.0.0-20250515043113-5dcc98077472/go.mod h1:bd8hssu+JaGC4mIE9SukKia0TYs5v977mNodhgpJrdo=
github.com/tommie/v8go/deps/darwin_arm64 v0.0.0-20250923070004-f008023e75d4 h1:RW+nQ/n7abKNnGvt0KBDBM8lT6ouDcKIpCdYxSVE5bk=
github.com/tommie/v8go/deps/darwin_arm64 v0.0.0-20250923070004-f008023e75d4/go.mod h1:bd8hssu+JaGC4mIE9SukKia0TYs5v977mNodhgpJrdo=
github.com/tommie/v8go/deps/linux_amd64 v0.0.0-20250515043113-5dcc98077472 h1:6gqHCPNsYbcSrne3RhsEHRycHHYORPhi/CHyc2WYzvE=
github.com/tommie/v8go/deps/linux_amd64 v0.0.0-20250515043113-5dcc98077472/go.mod h1:ZKG7g6Rah4/ZRzb07qFrQI/EPSm2PMj1cN/9y4fxgO8=
github.com/tommie/v8go/deps/linux_amd64 v0.0.0-20250923070004-f008023e75d4 h1:9c+aMFb/D0IXSbpY3A3njFJEbF8waTAMVtxfN7R7gns=
github.com/tommie/v8go/deps/linux_amd64 v0.0.0-20250923070004-f008023e75d4/go.mod h1:ZKG7g6Rah4/ZRzb07qFrQI/EPSm2PMj1cN/9y4fxgO8=
github.com/tommie/v8go/deps/linux_arm64 v0.0.0-20250515043113-5dcc98077472 h1:M4fdTyPWq8UbO1OY/5nwCkC3iOIVVfD1YrxnNANRm4U=
github.com/tommie/v8go/deps/linux_arm64 v0.0.0-20250515043113-5dcc98077472/go.mod h1:B/myVnZ82IRgW//OzDnHArcOzW8Yq7FbWnMnYPbZ0Hc=
github.com/tommie/v8go/deps/linux_arm64 v0.0.0-20250923070004-f008023e75d4 h1:nVfzGjcGhwywMVGlUmm0Q7WvOoKoHvYSybl/B39XO0w=
github.com/tommie/v8go/deps/linux_arm64 v0.0.0-20250923070004-f008023e75d4/go.mod h1:B/myVnZ82IRgW//OzDnHArcOzW8Yq7FbWnMnYPbZ0Hc=
